// !$*UTF8*$!
{
	archiveVersion = 1;
	classes = {
	};
	objectVersion = 46;
	objects = {

/* Begin PBXBuildFile section */
		C21A7FAC1BC8A893009FBBA9 /* MusicPlayerViewController.m in Sources */ = {isa = PBXBuildFile; fileRef = C21A7FAB1BC8A893009FBBA9 /* MusicPlayerViewController.m */; };
		C21A7FAF1BC8A9C0009FBBA9 /* MusicPlayerView.m in Sources */ = {isa = PBXBuildFile; fileRef = C21A7FAE1BC8A9C0009FBBA9 /* MusicPlayerView.m */; };
		C21A7FB21BC8B8A5009FBBA9 /* MusicInfoModel.m in Sources */ = {isa = PBXBuildFile; fileRef = C21A7FB11BC8B8A5009FBBA9 /* MusicInfoModel.m */; };
		C21A7FB51BC8C258009FBBA9 /* GetDataTools.m in Sources */ = {isa = PBXBuildFile; fileRef = C21A7FB41BC8C258009FBBA9 /* GetDataTools.m */; };
		C21A7FD41BC8F1D8009FBBA9 /* NSData+ImageContentType.m in Sources */ = {isa = PBXBuildFile; fileRef = C21A7FB81BC8F1D8009FBBA9 /* NSData+ImageContentType.m */; };
		C21A7FD51BC8F1D8009FBBA9 /* SDImageCache.m in Sources */ = {isa = PBXBuildFile; fileRef = C21A7FBA1BC8F1D8009FBBA9 /* SDImageCache.m */; };
		C21A7FD61BC8F1D8009FBBA9 /* SDWebImageCompat.m in Sources */ = {isa = PBXBuildFile; fileRef = C21A7FBC1BC8F1D8009FBBA9 /* SDWebImageCompat.m */; };
		C21A7FD71BC8F1D8009FBBA9 /* SDWebImageDecoder.m in Sources */ = {isa = PBXBuildFile; fileRef = C21A7FBE1BC8F1D8009FBBA9 /* SDWebImageDecoder.m */; };
		C21A7FD81BC8F1D8009FBBA9 /* SDWebImageDownloader.m in Sources */ = {isa = PBXBuildFile; fileRef = C21A7FC01BC8F1D8009FBBA9 /* SDWebImageDownloader.m */; };
		C21A7FD91BC8F1D8009FBBA9 /* SDWebImageDownloaderOperation.m in Sources */ = {isa = PBXBuildFile; fileRef = C21A7FC21BC8F1D8009FBBA9 /* SDWebImageDownloaderOperation.m */; };
		C21A7FDA1BC8F1D8009FBBA9 /* SDWebImageManager.m in Sources */ = {isa = PBXBuildFile; fileRef = C21A7FC41BC8F1D8009FBBA9 /* SDWebImageManager.m */; };
		C21A7FDB1BC8F1D8009FBBA9 /* SDWebImagePrefetcher.m in Sources */ = {isa = PBXBuildFile; fileRef = C21A7FC71BC8F1D8009FBBA9 /* SDWebImagePrefetcher.m */; };
		C21A7FDC1BC8F1D8009FBBA9 /* UIButton+WebCache.m in Sources */ = {isa = PBXBuildFile; fileRef = C21A7FC91BC8F1D8009FBBA9 /* UIButton+WebCache.m */; };
		C21A7FDD1BC8F1D8009FBBA9 /* UIImage+GIF.m in Sources */ = {isa = PBXBuildFile; fileRef = C21A7FCB1BC8F1D8009FBBA9 /* UIImage+GIF.m */; };
		C21A7FDE1BC8F1D8009FBBA9 /* UIImage+MultiFormat.m in Sources */ = {isa = PBXBuildFile; fileRef = C21A7FCD1BC8F1D8009FBBA9 /* UIImage+MultiFormat.m */; };
		C21A7FDF1BC8F1D8009FBBA9 /* UIImageView+HighlightedWebCache.m in Sources */ = {isa = PBXBuildFile; fileRef = C21A7FCF1BC8F1D8009FBBA9 /* UIImageView+HighlightedWebCache.m */; };
		C21A7FE01BC8F1D8009FBBA9 /* UIImageView+WebCache.m in Sources */ = {isa = PBXBuildFile; fileRef = C21A7FD11BC8F1D8009FBBA9 /* UIImageView+WebCache.m */; };
		C21A7FE11BC8F1D8009FBBA9 /* UIView+WebCacheOperation.m in Sources */ = {isa = PBXBuildFile; fileRef = C21A7FD31BC8F1D8009FBBA9 /* UIView+WebCacheOperation.m */; };
		C21A7FE41BC8F5B0009FBBA9 /* MusicPlayerTools.m in Sources */ = {isa = PBXBuildFile; fileRef = C21A7FE31BC8F5B0009FBBA9 /* MusicPlayerTools.m */; };
		C21A80841BC94933009FBBA9 /* UMSocialLocalizable.strings in Resources */ = {isa = PBXBuildFile; fileRef = C21A80561BC94933009FBBA9 /* UMSocialLocalizable.strings */; };
		C21A80851BC94933009FBBA9 /* libUMSocial_Sdk_4.2.5.a in Frameworks */ = {isa = PBXBuildFile; fileRef = C21A80641BC94933009FBBA9 /* libUMSocial_Sdk_4.2.5.a */; };
		C21A80861BC94933009FBBA9 /* UMSCommentDetailController.xib in Resources */ = {isa = PBXBuildFile; fileRef = C21A80661BC94933009FBBA9 /* UMSCommentDetailController.xib */; };
		C21A80871BC94933009FBBA9 /* UMSCommentInputController.xib in Resources */ = {isa = PBXBuildFile; fileRef = C21A80671BC94933009FBBA9 /* UMSCommentInputController.xib */; };
		C21A80881BC94933009FBBA9 /* UMSCommentInputControlleriPad.xib in Resources */ = {isa = PBXBuildFile; fileRef = C21A80681BC94933009FBBA9 /* UMSCommentInputControlleriPad.xib */; };
		C21A80891BC94933009FBBA9 /* UMShareEditViewController.xib in Resources */ = {isa = PBXBuildFile; fileRef = C21A80691BC94933009FBBA9 /* UMShareEditViewController.xib */; };
		C21A808A1BC94933009FBBA9 /* UMShareEditViewControlleriPad.xib in Resources */ = {isa = PBXBuildFile; fileRef = C21A806A1BC94933009FBBA9 /* UMShareEditViewControlleriPad.xib */; };
		C21A808B1BC94933009FBBA9 /* UMSLoginViewController.xib in Resources */ = {isa = PBXBuildFile; fileRef = C21A806B1BC94933009FBBA9 /* UMSLoginViewController.xib */; };
		C21A808C1BC94933009FBBA9 /* UMSnsAccountViewController.xib in Resources */ = {isa = PBXBuildFile; fileRef = C21A806C1BC94933009FBBA9 /* UMSnsAccountViewController.xib */; };
		C21A808D1BC94933009FBBA9 /* UMSShareListController.xib in Resources */ = {isa = PBXBuildFile; fileRef = C21A806D1BC94933009FBBA9 /* UMSShareListController.xib */; };
		C21A808E1BC94933009FBBA9 /* UMSocialSDKResourcesNew.bundle in Resources */ = {isa = PBXBuildFile; fileRef = C21A806E1BC94933009FBBA9 /* UMSocialSDKResourcesNew.bundle */; };
		C21A808F1BC94933009FBBA9 /* libSocialWechat.a in Frameworks */ = {isa = PBXBuildFile; fileRef = C21A80721BC94933009FBBA9 /* libSocialWechat.a */; };
		C21A80901BC94933009FBBA9 /* libWeChatSDK.a in Frameworks */ = {isa = PBXBuildFile; fileRef = C21A80731BC94933009FBBA9 /* libWeChatSDK.a */; };
		C21A80911BC94933009FBBA9 /* iOS-social-analytics-releasenote.html in Resources */ = {isa = PBXBuildFile; fileRef = C21A80781BC94933009FBBA9 /* iOS-social-analytics-releasenote.html */; };
		C21A80921BC94933009FBBA9 /* iOS-social-releasenote.html in Resources */ = {isa = PBXBuildFile; fileRef = C21A80791BC94933009FBBA9 /* iOS-social-releasenote.html */; };
		C21A80931BC94933009FBBA9 /* ios-social-sdk-comment-detail.html in Resources */ = {isa = PBXBuildFile; fileRef = C21A807A1BC94933009FBBA9 /* ios-social-sdk-comment-detail.html */; };
		C21A80941BC94933009FBBA9 /* ios-social-sdk-comment-quick.html in Resources */ = {isa = PBXBuildFile; fileRef = C21A807B1BC94933009FBBA9 /* ios-social-sdk-comment-quick.html */; };
		C21A80951BC94933009FBBA9 /* ios-social-sdk-like.html in Resources */ = {isa = PBXBuildFile; fileRef = C21A807C1BC94933009FBBA9 /* ios-social-sdk-like.html */; };
		C21A80961BC94933009FBBA9 /* ios-social-sdk-login-detail.html in Resources */ = {isa = PBXBuildFile; fileRef = C21A807D1BC94933009FBBA9 /* ios-social-sdk-login-detail.html */; };
		C21A80971BC94933009FBBA9 /* ios-social-sdk-login-quick.html in Resources */ = {isa = PBXBuildFile; fileRef = C21A807E1BC94933009FBBA9 /* ios-social-sdk-login-quick.html */; };
		C21A80981BC94933009FBBA9 /* ios-social-sdk-shake.html in Resources */ = {isa = PBXBuildFile; fileRef = C21A807F1BC94933009FBBA9 /* ios-social-sdk-shake.html */; };
		C21A80991BC94933009FBBA9 /* ios-social-sdk-share-detail.html in Resources */ = {isa = PBXBuildFile; fileRef = C21A80801BC94933009FBBA9 /* ios-social-sdk-share-detail.html */; };
		C21A809A1BC94933009FBBA9 /* ios-social-sdk-share-quick.html in Resources */ = {isa = PBXBuildFile; fileRef = C21A80811BC94933009FBBA9 /* ios-social-sdk-share-quick.html */; };
		C21A809B1BC94933009FBBA9 /* ios-social-sdk-socialbar.html in Resources */ = {isa = PBXBuildFile; fileRef = C21A80821BC94933009FBBA9 /* ios-social-sdk-socialbar.html */; };
		C21A809C1BC94933009FBBA9 /* markdown.css in Resources */ = {isa = PBXBuildFile; fileRef = C21A80831BC94933009FBBA9 /* markdown.css */; };
		C21A809E1BC949A4009FBBA9 /* Security.framework in Frameworks */ = {isa = PBXBuildFile; fileRef = C21A809D1BC949A4009FBBA9 /* Security.framework */; };
		C21A80A01BC949B9009FBBA9 /* libiconv.dylib in Frameworks */ = {isa = PBXBuildFile; fileRef = C21A809F1BC949B9009FBBA9 /* libiconv.dylib */; };
		C21A80A21BC949CC009FBBA9 /* SystemConfiguration.framework in Frameworks */ = {isa = PBXBuildFile; fileRef = C21A80A11BC949CC009FBBA9 /* SystemConfiguration.framework */; };
		C21A80A41BC949E8009FBBA9 /* CoreGraphics.framework in Frameworks */ = {isa = PBXBuildFile; fileRef = C21A80A31BC949E8009FBBA9 /* CoreGraphics.framework */; };
		C21A80A61BC949FA009FBBA9 /* libsqlite3.dylib in Frameworks */ = {isa = PBXBuildFile; fileRef = C21A80A51BC949FA009FBBA9 /* libsqlite3.dylib */; };
		C21A80A81BC94A0C009FBBA9 /* CoreTelephony.framework in Frameworks */ = {isa = PBXBuildFile; fileRef = C21A80A71BC94A0C009FBBA9 /* CoreTelephony.framework */; };
		C21A80AA1BC94A18009FBBA9 /* libstdc++.dylib in Frameworks */ = {isa = PBXBuildFile; fileRef = C21A80A91BC94A18009FBBA9 /* libstdc++.dylib */; };
		C21A80AC1BC94A24009FBBA9 /* libz.dylib in Frameworks */ = {isa = PBXBuildFile; fileRef = C21A80AB1BC94A24009FBBA9 /* libz.dylib */; };
		C2AA7BF81BC7DD07000CA7E5 /* main.m in Sources */ = {isa = PBXBuildFile; fileRef = C2AA7BF71BC7DD07000CA7E5 /* main.m */; };
		C2AA7BFB1BC7DD07000CA7E5 /* AppDelegate.m in Sources */ = {isa = PBXBuildFile; fileRef = C2AA7BFA1BC7DD07000CA7E5 /* AppDelegate.m */; };
		C2AA7C011BC7DD07000CA7E5 /* Main.storyboard in Resources */ = {isa = PBXBuildFile; fileRef = C2AA7BFF1BC7DD07000CA7E5 /* Main.storyboard */; };
		C2AA7C031BC7DD07000CA7E5 /* Images.xcassets in Resources */ = {isa = PBXBuildFile; fileRef = C2AA7C021BC7DD07000CA7E5 /* Images.xcassets */; };
		C2AA7C061BC7DD07000CA7E5 /* LaunchScreen.xib in Resources */ = {isa = PBXBuildFile; fileRef = C2AA7C041BC7DD07000CA7E5 /* LaunchScreen.xib */; };
		C2AA7C121BC7DD07000CA7E5 /* MusicPlayer_DTests.m in Sources */ = {isa = PBXBuildFile; fileRef = C2AA7C111BC7DD07000CA7E5 /* MusicPlayer_DTests.m */; };
		C2AA7C311BC7DDDC000CA7E5 /* LoginViewController.m in Sources */ = {isa = PBXBuildFile; fileRef = C2AA7C301BC7DDDC000CA7E5 /* LoginViewController.m */; };
		C2AA7C371BC7DF4C000CA7E5 /* LoginView.m in Sources */ = {isa = PBXBuildFile; fileRef = C2AA7C361BC7DF4C000CA7E5 /* LoginView.m */; };
		C2AA7C3A1BC7F7A1000CA7E5 /* MusicListTableViewController.m in Sources */ = {isa = PBXBuildFile; fileRef = C2AA7C391BC7F7A1000CA7E5 /* MusicListTableViewController.m */; };
		C2AA7C3D1BC7F7C1000CA7E5 /* MusicListTableViewCell.m in Sources */ = {isa = PBXBuildFile; fileRef = C2AA7C3C1BC7F7C1000CA7E5 /* MusicListTableViewCell.m */; };
		C2C3BA4A1BCA43FC0054C2F8 /* RegistViewController.m in Sources */ = {isa = PBXBuildFile; fileRef = C2C3BA491BCA43FC0054C2F8 /* RegistViewController.m */; };
		C2C3BA4D1BCA44150054C2F8 /* RegistView.m in Sources */ = {isa = PBXBuildFile; fileRef = C2C3BA4C1BCA44150054C2F8 /* RegistView.m */; };
/* End PBXBuildFile section */

/* Begin PBXContainerItemProxy section */
		C2AA7C0C1BC7DD07000CA7E5 /* PBXContainerItemProxy */ = {
			isa = PBXContainerItemProxy;
			containerPortal = C2AA7BEA1BC7DD07000CA7E5 /* Project object */;
			proxyType = 1;
			remoteGlobalIDString = C2AA7BF11BC7DD07000CA7E5;
			remoteInfo = MusicPlayer_D;
		};
/* End PBXContainerItemProxy section */

/* Begin PBXFileReference section */
		C21A7FAA1BC8A893009FBBA9 /* MusicPlayerViewController.h */ = {isa = PBXFileReference; fileEncoding = 4; lastKnownFileType = sourcecode.c.h; path = MusicPlayerViewController.h; sourceTree = "<group>"; };
		C21A7FAB1BC8A893009FBBA9 /* MusicPlayerViewController.m */ = {isa = PBXFileReference; fileEncoding = 4; lastKnownFileType = sourcecode.c.objc; path = MusicPlayerViewController.m; sourceTree = "<group>"; };
		C21A7FAD1BC8A9C0009FBBA9 /* MusicPlayerView.h */ = {isa = PBXFileReference; fileEncoding = 4; lastKnownFileType = sourcecode.c.h; path = MusicPlayerView.h; sourceTree = "<group>"; };
		C21A7FAE1BC8A9C0009FBBA9 /* MusicPlayerView.m */ = {isa = PBXFileReference; fileEncoding = 4; lastKnownFileType = sourcecode.c.objc; path = MusicPlayerView.m; sourceTree = "<group>"; };
		C21A7FB01BC8B8A5009FBBA9 /* MusicInfoModel.h */ = {isa = PBXFileReference; fileEncoding = 4; lastKnownFileType = sourcecode.c.h; path = MusicInfoModel.h; sourceTree = "<group>"; };
		C21A7FB11BC8B8A5009FBBA9 /* MusicInfoModel.m */ = {isa = PBXFileReference; fileEncoding = 4; lastKnownFileType = sourcecode.c.objc; path = MusicInfoModel.m; sourceTree = "<group>"; };
		C21A7FB31BC8C258009FBBA9 /* GetDataTools.h */ = {isa = PBXFileReference; fileEncoding = 4; lastKnownFileType = sourcecode.c.h; path = GetDataTools.h; sourceTree = "<group>"; };
		C21A7FB41BC8C258009FBBA9 /* GetDataTools.m */ = {isa = PBXFileReference; fileEncoding = 4; lastKnownFileType = sourcecode.c.objc; path = GetDataTools.m; sourceTree = "<group>"; };
		C21A7FB71BC8F1D8009FBBA9 /* NSData+ImageContentType.h */ = {isa = PBXFileReference; fileEncoding = 4; lastKnownFileType = sourcecode.c.h; path = "NSData+ImageContentType.h"; sourceTree = "<group>"; };
		C21A7FB81BC8F1D8009FBBA9 /* NSData+ImageContentType.m */ = {isa = PBXFileReference; fileEncoding = 4; lastKnownFileType = sourcecode.c.objc; path = "NSData+ImageContentType.m"; sourceTree = "<group>"; };
		C21A7FB91BC8F1D8009FBBA9 /* SDImageCache.h */ = {isa = PBXFileReference; fileEncoding = 4; lastKnownFileType = sourcecode.c.h; path = SDImageCache.h; sourceTree = "<group>"; };
		C21A7FBA1BC8F1D8009FBBA9 /* SDImageCache.m */ = {isa = PBXFileReference; fileEncoding = 4; lastKnownFileType = sourcecode.c.objc; path = SDImageCache.m; sourceTree = "<group>"; };
		C21A7FBB1BC8F1D8009FBBA9 /* SDWebImageCompat.h */ = {isa = PBXFileReference; fileEncoding = 4; lastKnownFileType = sourcecode.c.h; path = SDWebImageCompat.h; sourceTree = "<group>"; };
		C21A7FBC1BC8F1D8009FBBA9 /* SDWebImageCompat.m */ = {isa = PBXFileReference; fileEncoding = 4; lastKnownFileType = sourcecode.c.objc; path = SDWebImageCompat.m; sourceTree = "<group>"; };
		C21A7FBD1BC8F1D8009FBBA9 /* SDWebImageDecoder.h */ = {isa = PBXFileReference; fileEncoding = 4; lastKnownFileType = sourcecode.c.h; path = SDWebImageDecoder.h; sourceTree = "<group>"; };
		C21A7FBE1BC8F1D8009FBBA9 /* SDWebImageDecoder.m */ = {isa = PBXFileReference; fileEncoding = 4; lastKnownFileType = sourcecode.c.objc; path = SDWebImageDecoder.m; sourceTree = "<group>"; };
		C21A7FBF1BC8F1D8009FBBA9 /* SDWebImageDownloader.h */ = {isa = PBXFileReference; fileEncoding = 4; lastKnownFileType = sourcecode.c.h; path = SDWebImageDownloader.h; sourceTree = "<group>"; };
		C21A7FC01BC8F1D8009FBBA9 /* SDWebImageDownloader.m */ = {isa = PBXFileReference; fileEncoding = 4; lastKnownFileType = sourcecode.c.objc; path = SDWebImageDownloader.m; sourceTree = "<group>"; };
		C21A7FC11BC8F1D8009FBBA9 /* SDWebImageDownloaderOperation.h */ = {isa = PBXFileReference; fileEncoding = 4; lastKnownFileType = sourcecode.c.h; path = SDWebImageDownloaderOperation.h; sourceTree = "<group>"; };
		C21A7FC21BC8F1D8009FBBA9 /* SDWebImageDownloaderOperation.m */ = {isa = PBXFileReference; fileEncoding = 4; lastKnownFileType = sourcecode.c.objc; path = SDWebImageDownloaderOperation.m; sourceTree = "<group>"; };
		C21A7FC31BC8F1D8009FBBA9 /* SDWebImageManager.h */ = {isa = PBXFileReference; fileEncoding = 4; lastKnownFileType = sourcecode.c.h; path = SDWebImageManager.h; sourceTree = "<group>"; };
		C21A7FC41BC8F1D8009FBBA9 /* SDWebImageManager.m */ = {isa = PBXFileReference; fileEncoding = 4; lastKnownFileType = sourcecode.c.objc; path = SDWebImageManager.m; sourceTree = "<group>"; };
		C21A7FC51BC8F1D8009FBBA9 /* SDWebImageOperation.h */ = {isa = PBXFileReference; fileEncoding = 4; lastKnownFileType = sourcecode.c.h; path = SDWebImageOperation.h; sourceTree = "<group>"; };
		C21A7FC61BC8F1D8009FBBA9 /* SDWebImagePrefetcher.h */ = {isa = PBXFileReference; fileEncoding = 4; lastKnownFileType = sourcecode.c.h; path = SDWebImagePrefetcher.h; sourceTree = "<group>"; };
		C21A7FC71BC8F1D8009FBBA9 /* SDWebImagePrefetcher.m */ = {isa = PBXFileReference; fileEncoding = 4; lastKnownFileType = sourcecode.c.objc; path = SDWebImagePrefetcher.m; sourceTree = "<group>"; };
		C21A7FC81BC8F1D8009FBBA9 /* UIButton+WebCache.h */ = {isa = PBXFileReference; fileEncoding = 4; lastKnownFileType = sourcecode.c.h; path = "UIButton+WebCache.h"; sourceTree = "<group>"; };
		C21A7FC91BC8F1D8009FBBA9 /* UIButton+WebCache.m */ = {isa = PBXFileReference; fileEncoding = 4; lastKnownFileType = sourcecode.c.objc; path = "UIButton+WebCache.m"; sourceTree = "<group>"; };
		C21A7FCA1BC8F1D8009FBBA9 /* UIImage+GIF.h */ = {isa = PBXFileReference; fileEncoding = 4; lastKnownFileType = sourcecode.c.h; path = "UIImage+GIF.h"; sourceTree = "<group>"; };
		C21A7FCB1BC8F1D8009FBBA9 /* UIImage+GIF.m */ = {isa = PBXFileReference; fileEncoding = 4; lastKnownFileType = sourcecode.c.objc; path = "UIImage+GIF.m"; sourceTree = "<group>"; };
		C21A7FCC1BC8F1D8009FBBA9 /* UIImage+MultiFormat.h */ = {isa = PBXFileReference; fileEncoding = 4; lastKnownFileType = sourcecode.c.h; path = "UIImage+MultiFormat.h"; sourceTree = "<group>"; };
		C21A7FCD1BC8F1D8009FBBA9 /* UIImage+MultiFormat.m */ = {isa = PBXFileReference; fileEncoding = 4; lastKnownFileType = sourcecode.c.objc; path = "UIImage+MultiFormat.m"; sourceTree = "<group>"; };
		C21A7FCE1BC8F1D8009FBBA9 /* UIImageView+HighlightedWebCache.h */ = {isa = PBXFileReference; fileEncoding = 4; lastKnownFileType = sourcecode.c.h; path = "UIImageView+HighlightedWebCache.h"; sourceTree = "<group>"; };
		C21A7FCF1BC8F1D8009FBBA9 /* UIImageView+HighlightedWebCache.m */ = {isa = PBXFileReference; fileEncoding = 4; lastKnownFileType = sourcecode.c.objc; path = "UIImageView+HighlightedWebCache.m"; sourceTree = "<group>"; };
		C21A7FD01BC8F1D8009FBBA9 /* UIImageView+WebCache.h */ = {isa = PBXFileReference; fileEncoding = 4; lastKnownFileType = sourcecode.c.h; path = "UIImageView+WebCache.h"; sourceTree = "<group>"; };
		C21A7FD11BC8F1D8009FBBA9 /* UIImageView+WebCache.m */ = {isa = PBXFileReference; fileEncoding = 4; lastKnownFileType = sourcecode.c.objc; path = "UIImageView+WebCache.m"; sourceTree = "<group>"; };
		C21A7FD21BC8F1D8009FBBA9 /* UIView+WebCacheOperation.h */ = {isa = PBXFileReference; fileEncoding = 4; lastKnownFileType = sourcecode.c.h; path = "UIView+WebCacheOperation.h"; sourceTree = "<group>"; };
		C21A7FD31BC8F1D8009FBBA9 /* UIView+WebCacheOperation.m */ = {isa = PBXFileReference; fileEncoding = 4; lastKnownFileType = sourcecode.c.objc; path = "UIView+WebCacheOperation.m"; sourceTree = "<group>"; };
		C21A7FE21BC8F5B0009FBBA9 /* MusicPlayerTools.h */ = {isa = PBXFileReference; fileEncoding = 4; lastKnownFileType = sourcecode.c.h; path = MusicPlayerTools.h; sourceTree = "<group>"; };
		C21A7FE31BC8F5B0009FBBA9 /* MusicPlayerTools.m */ = {isa = PBXFileReference; fileEncoding = 4; lastKnownFileType = sourcecode.c.objc; path = MusicPlayerTools.m; sourceTree = "<group>"; };
		C21A80571BC94933009FBBA9 /* en */ = {isa = PBXFileReference; lastKnownFileType = text.plist.strings; name = en; path = en.lproj/UMSocialLocalizable.strings; sourceTree = "<group>"; };
		C21A80591BC94933009FBBA9 /* UMSocial.h */ = {isa = PBXFileReference; fileEncoding = 4; lastKnownFileType = sourcecode.c.h; path = UMSocial.h; sourceTree = "<group>"; };
		C21A805A1BC94933009FBBA9 /* UMSocialAccountManager.h */ = {isa = PBXFileReference; fileEncoding = 4; lastKnownFileType = sourcecode.c.h; path = UMSocialAccountManager.h; sourceTree = "<group>"; };
		C21A805B1BC94933009FBBA9 /* UMSocialBar.h */ = {isa = PBXFileReference; fileEncoding = 4; lastKnownFileType = sourcecode.c.h; path = UMSocialBar.h; sourceTree = "<group>"; };
		C21A805C1BC94933009FBBA9 /* UMSocialConfig.h */ = {isa = PBXFileReference; fileEncoding = 4; lastKnownFileType = sourcecode.c.h; path = UMSocialConfig.h; sourceTree = "<group>"; };
		C21A805D1BC94933009FBBA9 /* UMSocialControllerService.h */ = {isa = PBXFileReference; fileEncoding = 4; lastKnownFileType = sourcecode.c.h; path = UMSocialControllerService.h; sourceTree = "<group>"; };
		C21A805E1BC94933009FBBA9 /* UMSocialControllerServiceComment.h */ = {isa = PBXFileReference; fileEncoding = 4; lastKnownFileType = sourcecode.c.h; path = UMSocialControllerServiceComment.h; sourceTree = "<group>"; };
		C21A805F1BC94933009FBBA9 /* UMSocialData.h */ = {isa = PBXFileReference; fileEncoding = 4; lastKnownFileType = sourcecode.c.h; path = UMSocialData.h; sourceTree = "<group>"; };
		C21A80601BC94933009FBBA9 /* UMSocialDataService.h */ = {isa = PBXFileReference; fileEncoding = 4; lastKnownFileType = sourcecode.c.h; path = UMSocialDataService.h; sourceTree = "<group>"; };
		C21A80611BC94933009FBBA9 /* UMSocialSnsData.h */ = {isa = PBXFileReference; fileEncoding = 4; lastKnownFileType = sourcecode.c.h; path = UMSocialSnsData.h; sourceTree = "<group>"; };
		C21A80621BC94933009FBBA9 /* UMSocialSnsPlatformManager.h */ = {isa = PBXFileReference; fileEncoding = 4; lastKnownFileType = sourcecode.c.h; path = UMSocialSnsPlatformManager.h; sourceTree = "<group>"; };
		C21A80631BC94933009FBBA9 /* UMSocialSnsService.h */ = {isa = PBXFileReference; fileEncoding = 4; lastKnownFileType = sourcecode.c.h; path = UMSocialSnsService.h; sourceTree = "<group>"; };
		C21A80641BC94933009FBBA9 /* libUMSocial_Sdk_4.2.5.a */ = {isa = PBXFileReference; lastKnownFileType = archive.ar; path = libUMSocial_Sdk_4.2.5.a; sourceTree = "<group>"; };
		C21A80661BC94933009FBBA9 /* UMSCommentDetailController.xib */ = {isa = PBXFileReference; fileEncoding = 4; lastKnownFileType = file.xib; path = UMSCommentDetailController.xib; sourceTree = "<group>"; };
		C21A80671BC94933009FBBA9 /* UMSCommentInputController.xib */ = {isa = PBXFileReference; fileEncoding = 4; lastKnownFileType = file.xib; path = UMSCommentInputController.xib; sourceTree = "<group>"; };
		C21A80681BC94933009FBBA9 /* UMSCommentInputControlleriPad.xib */ = {isa = PBXFileReference; fileEncoding = 4; lastKnownFileType = file.xib; path = UMSCommentInputControlleriPad.xib; sourceTree = "<group>"; };
		C21A80691BC94933009FBBA9 /* UMShareEditViewController.xib */ = {isa = PBXFileReference; fileEncoding = 4; lastKnownFileType = file.xib; path = UMShareEditViewController.xib; sourceTree = "<group>"; };
		C21A806A1BC94933009FBBA9 /* UMShareEditViewControlleriPad.xib */ = {isa = PBXFileReference; fileEncoding = 4; lastKnownFileType = file.xib; path = UMShareEditViewControlleriPad.xib; sourceTree = "<group>"; };
		C21A806B1BC94933009FBBA9 /* UMSLoginViewController.xib */ = {isa = PBXFileReference; fileEncoding = 4; lastKnownFileType = file.xib; path = UMSLoginViewController.xib; sourceTree = "<group>"; };
		C21A806C1BC94933009FBBA9 /* UMSnsAccountViewController.xib */ = {isa = PBXFileReference; fileEncoding = 4; lastKnownFileType = file.xib; path = UMSnsAccountViewController.xib; sourceTree = "<group>"; };
		C21A806D1BC94933009FBBA9 /* UMSShareListController.xib */ = {isa = PBXFileReference; fileEncoding = 4; lastKnownFileType = file.xib; path = UMSShareListController.xib; sourceTree = "<group>"; };
		C21A806E1BC94933009FBBA9 /* UMSocialSDKResourcesNew.bundle */ = {isa = PBXFileReference; lastKnownFileType = "wrapper.plug-in"; path = UMSocialSDKResourcesNew.bundle; sourceTree = "<group>"; };
		C21A806F1BC94933009FBBA9 /* zh-Hans */ = {isa = PBXFileReference; lastKnownFileType = text.plist.strings; name = "zh-Hans"; path = "zh-Hans.lproj/UMSocialLocalizable.strings"; sourceTree = "<group>"; };
		C21A80721BC94933009FBBA9 /* libSocialWechat.a */ = {isa = PBXFileReference; lastKnownFileType = archive.ar; path = libSocialWechat.a; sourceTree = "<group>"; };
		C21A80731BC94933009FBBA9 /* libWeChatSDK.a */ = {isa = PBXFileReference; lastKnownFileType = archive.ar; path = libWeChatSDK.a; sourceTree = "<group>"; };
		C21A80741BC94933009FBBA9 /* UMSocialWechatHandler.h */ = {isa = PBXFileReference; fileEncoding = 4; lastKnownFileType = sourcecode.c.h; path = UMSocialWechatHandler.h; sourceTree = "<group>"; };
		C21A80751BC94933009FBBA9 /* WXApi.h */ = {isa = PBXFileReference; fileEncoding = 4; lastKnownFileType = sourcecode.c.h; path = WXApi.h; sourceTree = "<group>"; };
		C21A80761BC94933009FBBA9 /* WXApiObject.h */ = {isa = PBXFileReference; fileEncoding = 4; lastKnownFileType = sourcecode.c.h; path = WXApiObject.h; sourceTree = "<group>"; };
		C21A80781BC94933009FBBA9 /* iOS-social-analytics-releasenote.html */ = {isa = PBXFileReference; fileEncoding = 4; lastKnownFileType = text.html; path = "iOS-social-analytics-releasenote.html"; sourceTree = "<group>"; };
		C21A80791BC94933009FBBA9 /* iOS-social-releasenote.html */ = {isa = PBXFileReference; fileEncoding = 4; lastKnownFileType = text.html; path = "iOS-social-releasenote.html"; sourceTree = "<group>"; };
		C21A807A1BC94933009FBBA9 /* ios-social-sdk-comment-detail.html */ = {isa = PBXFileReference; fileEncoding = 4; lastKnownFileType = text.html; path = "ios-social-sdk-comment-detail.html"; sourceTree = "<group>"; };
		C21A807B1BC94933009FBBA9 /* ios-social-sdk-comment-quick.html */ = {isa = PBXFileReference; fileEncoding = 4; lastKnownFileType = text.html; path = "ios-social-sdk-comment-quick.html"; sourceTree = "<group>"; };
		C21A807C1BC94933009FBBA9 /* ios-social-sdk-like.html */ = {isa = PBXFileReference; fileEncoding = 4; lastKnownFileType = text.html; path = "ios-social-sdk-like.html"; sourceTree = "<group>"; };
		C21A807D1BC94933009FBBA9 /* ios-social-sdk-login-detail.html */ = {isa = PBXFileReference; fileEncoding = 4; lastKnownFileType = text.html; path = "ios-social-sdk-login-detail.html"; sourceTree = "<group>"; };
		C21A807E1BC94933009FBBA9 /* ios-social-sdk-login-quick.html */ = {isa = PBXFileReference; fileEncoding = 4; lastKnownFileType = text.html; path = "ios-social-sdk-login-quick.html"; sourceTree = "<group>"; };
		C21A807F1BC94933009FBBA9 /* ios-social-sdk-shake.html */ = {isa = PBXFileReference; fileEncoding = 4; lastKnownFileType = text.html; path = "ios-social-sdk-shake.html"; sourceTree = "<group>"; };
		C21A80801BC94933009FBBA9 /* ios-social-sdk-share-detail.html */ = {isa = PBXFileReference; fileEncoding = 4; lastKnownFileType = text.html; path = "ios-social-sdk-share-detail.html"; sourceTree = "<group>"; };
		C21A80811BC94933009FBBA9 /* ios-social-sdk-share-quick.html */ = {isa = PBXFileReference; fileEncoding = 4; lastKnownFileType = text.html; path = "ios-social-sdk-share-quick.html"; sourceTree = "<group>"; };
		C21A80821BC94933009FBBA9 /* ios-social-sdk-socialbar.html */ = {isa = PBXFileReference; fileEncoding = 4; lastKnownFileType = text.html; path = "ios-social-sdk-socialbar.html"; sourceTree = "<group>"; };
		C21A80831BC94933009FBBA9 /* markdown.css */ = {isa = PBXFileReference; fileEncoding = 4; lastKnownFileType = text.css; path = markdown.css; sourceTree = "<group>"; };
		C21A809D1BC949A4009FBBA9 /* Security.framework */ = {isa = PBXFileReference; lastKnownFileType = wrapper.framework; name = Security.framework; path = System/Library/Frameworks/Security.framework; sourceTree = SDKROOT; };
		C21A809F1BC949B9009FBBA9 /* libiconv.dylib */ = {isa = PBXFileReference; lastKnownFileType = "compiled.mach-o.dylib"; name = libiconv.dylib; path = usr/lib/libiconv.dylib; sourceTree = SDKROOT; };
		C21A80A11BC949CC009FBBA9 /* SystemConfiguration.framework */ = {isa = PBXFileReference; lastKnownFileType = wrapper.framework; name = SystemConfiguration.framework; path = System/Library/Frameworks/SystemConfiguration.framework; sourceTree = SDKROOT; };
		C21A80A31BC949E8009FBBA9 /* CoreGraphics.framework */ = {isa = PBXFileReference; lastKnownFileType = wrapper.framework; name = CoreGraphics.framework; path = System/Library/Frameworks/CoreGraphics.framework; sourceTree = SDKROOT; };
		C21A80A51BC949FA009FBBA9 /* libsqlite3.dylib */ = {isa = PBXFileReference; lastKnownFileType = "compiled.mach-o.dylib"; name = libsqlite3.dylib; path = usr/lib/libsqlite3.dylib; sourceTree = SDKROOT; };
		C21A80A71BC94A0C009FBBA9 /* CoreTelephony.framework */ = {isa = PBXFileReference; lastKnownFileType = wrapper.framework; name = CoreTelephony.framework; path = System/Library/Frameworks/CoreTelephony.framework; sourceTree = SDKROOT; };
		C21A80A91BC94A18009FBBA9 /* libstdc++.dylib */ = {isa = PBXFileReference; lastKnownFileType = "compiled.mach-o.dylib"; name = "libstdc++.dylib"; path = "usr/lib/libstdc++.dylib"; sourceTree = SDKROOT; };
		C21A80AB1BC94A24009FBBA9 /* libz.dylib */ = {isa = PBXFileReference; lastKnownFileType = "compiled.mach-o.dylib"; name = libz.dylib; path = usr/lib/libz.dylib; sourceTree = SDKROOT; };
		C2AA7BF21BC7DD07000CA7E5 /* MusicPlayer_D.app */ = {isa = PBXFileReference; explicitFileType = wrapper.application; includeInIndex = 0; path = MusicPlayer_D.app; sourceTree = BUILT_PRODUCTS_DIR; };
		C2AA7BF61BC7DD07000CA7E5 /* Info.plist */ = {isa = PBXFileReference; lastKnownFileType = text.plist.xml; path = Info.plist; sourceTree = "<group>"; };
		C2AA7BF71BC7DD07000CA7E5 /* main.m */ = {isa = PBXFileReference; lastKnownFileType = sourcecode.c.objc; path = main.m; sourceTree = "<group>"; };
		C2AA7BF91BC7DD07000CA7E5 /* AppDelegate.h */ = {isa = PBXFileReference; lastKnownFileType = sourcecode.c.h; name = AppDelegate.h; path = ../../AppDelegate.h; sourceTree = "<group>"; };
		C2AA7BFA1BC7DD07000CA7E5 /* AppDelegate.m */ = {isa = PBXFileReference; lastKnownFileType = sourcecode.c.objc; name = AppDelegate.m; path = ../../AppDelegate.m; sourceTree = "<group>"; };
		C2AA7C001BC7DD07000CA7E5 /* Base */ = {isa = PBXFileReference; lastKnownFileType = file.storyboard; name = Base; path = Base.lproj/Main.storyboard; sourceTree = "<group>"; };
		C2AA7C021BC7DD07000CA7E5 /* Images.xcassets */ = {isa = PBXFileReference; lastKnownFileType = folder.assetcatalog; path = Images.xcassets; sourceTree = "<group>"; };
		C2AA7C051BC7DD07000CA7E5 /* Base */ = {isa = PBXFileReference; lastKnownFileType = file.xib; name = Base; path = Base.lproj/LaunchScreen.xib; sourceTree = "<group>"; };
		C2AA7C0B1BC7DD07000CA7E5 /* MusicPlayer_DTests.xctest */ = {isa = PBXFileReference; explicitFileType = wrapper.cfbundle; includeInIndex = 0; path = MusicPlayer_DTests.xctest; sourceTree = BUILT_PRODUCTS_DIR; };
		C2AA7C101BC7DD07000CA7E5 /* Info.plist */ = {isa = PBXFileReference; lastKnownFileType = text.plist.xml; path = Info.plist; sourceTree = "<group>"; };
		C2AA7C111BC7DD07000CA7E5 /* MusicPlayer_DTests.m */ = {isa = PBXFileReference; lastKnownFileType = sourcecode.c.objc; path = MusicPlayer_DTests.m; sourceTree = "<group>"; };
		C2AA7C281BC7DD2E000CA7E5 /* APPHeader.h */ = {isa = PBXFileReference; fileEncoding = 4; lastKnownFileType = sourcecode.c.h; path = APPHeader.h; sourceTree = "<group>"; };
		C2AA7C291BC7DD2E000CA7E5 /* IMPHeader.h */ = {isa = PBXFileReference; fileEncoding = 4; lastKnownFileType = sourcecode.c.h; path = IMPHeader.h; sourceTree = "<group>"; };
		C2AA7C2A1BC7DD2E000CA7E5 /* KEYHeader.h */ = {isa = PBXFileReference; fileEncoding = 4; lastKnownFileType = sourcecode.c.h; path = KEYHeader.h; sourceTree = "<group>"; };
		C2AA7C2B1BC7DD2E000CA7E5 /* URLHeader.h */ = {isa = PBXFileReference; fileEncoding = 4; lastKnownFileType = sourcecode.c.h; path = URLHeader.h; sourceTree = "<group>"; };
		C2AA7C2E1BC7DD43000CA7E5 /* MusicPlayerPCH.pch */ = {isa = PBXFileReference; lastKnownFileType = sourcecode.c.h; path = MusicPlayerPCH.pch; sourceTree = "<group>"; };
		C2AA7C2F1BC7DDDC000CA7E5 /* LoginViewController.h */ = {isa = PBXFileReference; fileEncoding = 4; lastKnownFileType = sourcecode.c.h; path = LoginViewController.h; sourceTree = "<group>"; };
		C2AA7C301BC7DDDC000CA7E5 /* LoginViewController.m */ = {isa = PBXFileReference; fileEncoding = 4; lastKnownFileType = sourcecode.c.objc; path = LoginViewController.m; sourceTree = "<group>"; };
		C2AA7C351BC7DF4C000CA7E5 /* LoginView.h */ = {isa = PBXFileReference; fileEncoding = 4; lastKnownFileType = sourcecode.c.h; name = LoginView.h; path = MusicPlayer_D/Source/CodeClass/ViewController/LoginView.h; sourceTree = SOURCE_ROOT; };
		C2AA7C361BC7DF4C000CA7E5 /* LoginView.m */ = {isa = PBXFileReference; fileEncoding = 4; lastKnownFileType = sourcecode.c.objc; name = LoginView.m; path = MusicPlayer_D/Source/CodeClass/ViewController/LoginView.m; sourceTree = SOURCE_ROOT; };
		C2AA7C381BC7F7A1000CA7E5 /* MusicListTableViewController.h */ = {isa = PBXFileReference; fileEncoding = 4; lastKnownFileType = sourcecode.c.h; path = MusicListTableViewController.h; sourceTree = "<group>"; };
		C2AA7C391BC7F7A1000CA7E5 /* MusicListTableViewController.m */ = {isa = PBXFileReference; fileEncoding = 4; lastKnownFileType = sourcecode.c.objc; path = MusicListTableViewController.m; sourceTree = "<group>"; };
		C2AA7C3B1BC7F7C1000CA7E5 /* MusicListTableViewCell.h */ = {isa = PBXFileReference; fileEncoding = 4; lastKnownFileType = sourcecode.c.h; path = MusicListTableViewCell.h; sourceTree = "<group>"; };
		C2AA7C3C1BC7F7C1000CA7E5 /* MusicListTableViewCell.m */ = {isa = PBXFileReference; fileEncoding = 4; lastKnownFileType = sourcecode.c.objc; path = MusicListTableViewCell.m; sourceTree = "<group>"; };
		C2C3BA481BCA43FC0054C2F8 /* RegistViewController.h */ = {isa = PBXFileReference; fileEncoding = 4; lastKnownFileType = sourcecode.c.h; path = RegistViewController.h; sourceTree = "<group>"; };
		C2C3BA491BCA43FC0054C2F8 /* RegistViewController.m */ = {isa = PBXFileReference; fileEncoding = 4; lastKnownFileType = sourcecode.c.objc; path = RegistViewController.m; sourceTree = "<group>"; };
		C2C3BA4B1BCA44150054C2F8 /* RegistView.h */ = {isa = PBXFileReference; fileEncoding = 4; lastKnownFileType = sourcecode.c.h; path = RegistView.h; sourceTree = "<group>"; };
		C2C3BA4C1BCA44150054C2F8 /* RegistView.m */ = {isa = PBXFileReference; fileEncoding = 4; lastKnownFileType = sourcecode.c.objc; path = RegistView.m; sourceTree = "<group>"; };
/* End PBXFileReference section */

/* Begin PBXFrameworksBuildPhase section */
		C2AA7BEF1BC7DD07000CA7E5 /* Frameworks */ = {
			isa = PBXFrameworksBuildPhase;
			buildActionMask = 2147483647;
			files = (
				C21A80AC1BC94A24009FBBA9 /* libz.dylib in Frameworks */,
				C21A80AA1BC94A18009FBBA9 /* libstdc++.dylib in Frameworks */,
				C21A80A81BC94A0C009FBBA9 /* CoreTelephony.framework in Frameworks */,
				C21A80A61BC949FA009FBBA9 /* libsqlite3.dylib in Frameworks */,
				C21A80A41BC949E8009FBBA9 /* CoreGraphics.framework in Frameworks */,
				C21A80A21BC949CC009FBBA9 /* SystemConfiguration.framework in Frameworks */,
				C21A80A01BC949B9009FBBA9 /* libiconv.dylib in Frameworks */,
				C21A809E1BC949A4009FBBA9 /* Security.framework in Frameworks */,
				C21A808F1BC94933009FBBA9 /* libSocialWechat.a in Frameworks */,
				C21A80851BC94933009FBBA9 /* libUMSocial_Sdk_4.2.5.a in Frameworks */,
				C21A80901BC94933009FBBA9 /* libWeChatSDK.a in Frameworks */,
			);
			runOnlyForDeploymentPostprocessing = 0;
		};
		C2AA7C081BC7DD07000CA7E5 /* Frameworks */ = {
			isa = PBXFrameworksBuildPhase;
			buildActionMask = 2147483647;
			files = (
			);
			runOnlyForDeploymentPostprocessing = 0;
		};
/* End PBXFrameworksBuildPhase section */

/* Begin PBXGroup section */
		C21A7FB61BC8F1D8009FBBA9 /* SDWebImage */ = {
			isa = PBXGroup;
			children = (
				C21A7FB71BC8F1D8009FBBA9 /* NSData+ImageContentType.h */,
				C21A7FB81BC8F1D8009FBBA9 /* NSData+ImageContentType.m */,
				C21A7FB91BC8F1D8009FBBA9 /* SDImageCache.h */,
				C21A7FBA1BC8F1D8009FBBA9 /* SDImageCache.m */,
				C21A7FBB1BC8F1D8009FBBA9 /* SDWebImageCompat.h */,
				C21A7FBC1BC8F1D8009FBBA9 /* SDWebImageCompat.m */,
				C21A7FBD1BC8F1D8009FBBA9 /* SDWebImageDecoder.h */,
				C21A7FBE1BC8F1D8009FBBA9 /* SDWebImageDecoder.m */,
				C21A7FBF1BC8F1D8009FBBA9 /* SDWebImageDownloader.h */,
				C21A7FC01BC8F1D8009FBBA9 /* SDWebImageDownloader.m */,
				C21A7FC11BC8F1D8009FBBA9 /* SDWebImageDownloaderOperation.h */,
				C21A7FC21BC8F1D8009FBBA9 /* SDWebImageDownloaderOperation.m */,
				C21A7FC31BC8F1D8009FBBA9 /* SDWebImageManager.h */,
				C21A7FC41BC8F1D8009FBBA9 /* SDWebImageManager.m */,
				C21A7FC51BC8F1D8009FBBA9 /* SDWebImageOperation.h */,
				C21A7FC61BC8F1D8009FBBA9 /* SDWebImagePrefetcher.h */,
				C21A7FC71BC8F1D8009FBBA9 /* SDWebImagePrefetcher.m */,
				C21A7FC81BC8F1D8009FBBA9 /* UIButton+WebCache.h */,
				C21A7FC91BC8F1D8009FBBA9 /* UIButton+WebCache.m */,
				C21A7FCA1BC8F1D8009FBBA9 /* UIImage+GIF.h */,
				C21A7FCB1BC8F1D8009FBBA9 /* UIImage+GIF.m */,
				C21A7FCC1BC8F1D8009FBBA9 /* UIImage+MultiFormat.h */,
				C21A7FCD1BC8F1D8009FBBA9 /* UIImage+MultiFormat.m */,
				C21A7FCE1BC8F1D8009FBBA9 /* UIImageView+HighlightedWebCache.h */,
				C21A7FCF1BC8F1D8009FBBA9 /* UIImageView+HighlightedWebCache.m */,
				C21A7FD01BC8F1D8009FBBA9 /* UIImageView+WebCache.h */,
				C21A7FD11BC8F1D8009FBBA9 /* UIImageView+WebCache.m */,
				C21A7FD21BC8F1D8009FBBA9 /* UIView+WebCacheOperation.h */,
				C21A7FD31BC8F1D8009FBBA9 /* UIView+WebCacheOperation.m */,
			);
			name = SDWebImage;
			path = MusicPlayer_D/SDWebImage;
			sourceTree = SOURCE_ROOT;
		};
		C21A80541BC94933009FBBA9 /* youmeng */ = {
			isa = PBXGroup;
			children = (
				C21A80551BC94933009FBBA9 /* UMSocial_Sdk */,
				C21A80701BC94933009FBBA9 /* UMSocial_Sdk_Extra_Frameworks */,
				C21A80771BC94933009FBBA9 /* UMSocial_Sdk_Instructions */,
			);
			path = youmeng;
			sourceTree = "<group>";
		};
		C21A80551BC94933009FBBA9 /* UMSocial_Sdk */ = {
			isa = PBXGroup;
			children = (
				C21A80561BC94933009FBBA9 /* UMSocialLocalizable.strings */,
				C21A80581BC94933009FBBA9 /* Header */,
				C21A80641BC94933009FBBA9 /* libUMSocial_Sdk_4.2.5.a */,
				C21A80651BC94933009FBBA9 /* SocialSDKXib */,
				C21A806E1BC94933009FBBA9 /* UMSocialSDKResourcesNew.bundle */,
			);
			path = UMSocial_Sdk;
			sourceTree = "<group>";
		};
		C21A80581BC94933009FBBA9 /* Header */ = {
			isa = PBXGroup;
			children = (
				C21A80591BC94933009FBBA9 /* UMSocial.h */,
				C21A805A1BC94933009FBBA9 /* UMSocialAccountManager.h */,
				C21A805B1BC94933009FBBA9 /* UMSocialBar.h */,
				C21A805C1BC94933009FBBA9 /* UMSocialConfig.h */,
				C21A805D1BC94933009FBBA9 /* UMSocialControllerService.h */,
				C21A805E1BC94933009FBBA9 /* UMSocialControllerServiceComment.h */,
				C21A805F1BC94933009FBBA9 /* UMSocialData.h */,
				C21A80601BC94933009FBBA9 /* UMSocialDataService.h */,
				C21A80611BC94933009FBBA9 /* UMSocialSnsData.h */,
				C21A80621BC94933009FBBA9 /* UMSocialSnsPlatformManager.h */,
				C21A80631BC94933009FBBA9 /* UMSocialSnsService.h */,
			);
			path = Header;
			sourceTree = "<group>";
		};
		C21A80651BC94933009FBBA9 /* SocialSDKXib */ = {
			isa = PBXGroup;
			children = (
				C21A80661BC94933009FBBA9 /* UMSCommentDetailController.xib */,
				C21A80671BC94933009FBBA9 /* UMSCommentInputController.xib */,
				C21A80681BC94933009FBBA9 /* UMSCommentInputControlleriPad.xib */,
				C21A80691BC94933009FBBA9 /* UMShareEditViewController.xib */,
				C21A806A1BC94933009FBBA9 /* UMShareEditViewControlleriPad.xib */,
				C21A806B1BC94933009FBBA9 /* UMSLoginViewController.xib */,
				C21A806C1BC94933009FBBA9 /* UMSnsAccountViewController.xib */,
				C21A806D1BC94933009FBBA9 /* UMSShareListController.xib */,
			);
			path = SocialSDKXib;
			sourceTree = "<group>";
		};
		C21A80701BC94933009FBBA9 /* UMSocial_Sdk_Extra_Frameworks */ = {
			isa = PBXGroup;
			children = (
				C21A80711BC94933009FBBA9 /* Wechat */,
			);
			path = UMSocial_Sdk_Extra_Frameworks;
			sourceTree = "<group>";
		};
		C21A80711BC94933009FBBA9 /* Wechat */ = {
			isa = PBXGroup;
			children = (
				C21A80721BC94933009FBBA9 /* libSocialWechat.a */,
				C21A80731BC94933009FBBA9 /* libWeChatSDK.a */,
				C21A80741BC94933009FBBA9 /* UMSocialWechatHandler.h */,
				C21A80751BC94933009FBBA9 /* WXApi.h */,
				C21A80761BC94933009FBBA9 /* WXApiObject.h */,
			);
			path = Wechat;
			sourceTree = "<group>";
		};
		C21A80771BC94933009FBBA9 /* UMSocial_Sdk_Instructions */ = {
			isa = PBXGroup;
			children = (
				C21A80781BC94933009FBBA9 /* iOS-social-analytics-releasenote.html */,
				C21A80791BC94933009FBBA9 /* iOS-social-releasenote.html */,
				C21A807A1BC94933009FBBA9 /* ios-social-sdk-comment-detail.html */,
				C21A807B1BC94933009FBBA9 /* ios-social-sdk-comment-quick.html */,
				C21A807C1BC94933009FBBA9 /* ios-social-sdk-like.html */,
				C21A807D1BC94933009FBBA9 /* ios-social-sdk-login-detail.html */,
				C21A807E1BC94933009FBBA9 /* ios-social-sdk-login-quick.html */,
				C21A807F1BC94933009FBBA9 /* ios-social-sdk-shake.html */,
				C21A80801BC94933009FBBA9 /* ios-social-sdk-share-detail.html */,
				C21A80811BC94933009FBBA9 /* ios-social-sdk-share-quick.html */,
				C21A80821BC94933009FBBA9 /* ios-social-sdk-socialbar.html */,
				C21A80831BC94933009FBBA9 /* markdown.css */,
			);
			path = UMSocial_Sdk_Instructions;
			sourceTree = "<group>";
		};
		C2AA7BE91BC7DD07000CA7E5 = {
			isa = PBXGroup;
			children = (
				C21A80AB1BC94A24009FBBA9 /* libz.dylib */,
				C21A80A91BC94A18009FBBA9 /* libstdc++.dylib */,
				C21A80A71BC94A0C009FBBA9 /* CoreTelephony.framework */,
				C21A80A51BC949FA009FBBA9 /* libsqlite3.dylib */,
				C21A80A31BC949E8009FBBA9 /* CoreGraphics.framework */,
				C21A80A11BC949CC009FBBA9 /* SystemConfiguration.framework */,
				C21A809F1BC949B9009FBBA9 /* libiconv.dylib */,
				C21A809D1BC949A4009FBBA9 /* Security.framework */,
				C2AA7BF41BC7DD07000CA7E5 /* MusicPlayer_D */,
				C2AA7C0E1BC7DD07000CA7E5 /* MusicPlayer_DTests */,
				C2AA7BF31BC7DD07000CA7E5 /* Products */,
			);
			sourceTree = "<group>";
		};
		C2AA7BF31BC7DD07000CA7E5 /* Products */ = {
			isa = PBXGroup;
			children = (
				C2AA7BF21BC7DD07000CA7E5 /* MusicPlayer_D.app */,
				C2AA7C0B1BC7DD07000CA7E5 /* MusicPlayer_DTests.xctest */,
			);
			name = Products;
			sourceTree = "<group>";
		};
		C2AA7BF41BC7DD07000CA7E5 /* MusicPlayer_D */ = {
			isa = PBXGroup;
			children = (
				C21A80541BC94933009FBBA9 /* youmeng */,
				C2AA7C1B1BC7DD2E000CA7E5 /* Source */,
				C2AA7BFF1BC7DD07000CA7E5 /* Main.storyboard */,
				C2AA7C021BC7DD07000CA7E5 /* Images.xcassets */,
				C2AA7C041BC7DD07000CA7E5 /* LaunchScreen.xib */,
				C2AA7BF51BC7DD07000CA7E5 /* Supporting Files */,
			);
			path = MusicPlayer_D;
			sourceTree = "<group>";
		};
		C2AA7BF51BC7DD07000CA7E5 /* Supporting Files */ = {
			isa = PBXGroup;
			children = (
				C2AA7C2E1BC7DD43000CA7E5 /* MusicPlayerPCH.pch */,
				C2AA7BF61BC7DD07000CA7E5 /* Info.plist */,
				C2AA7BF71BC7DD07000CA7E5 /* main.m */,
			);
			name = "Supporting Files";
			sourceTree = "<group>";
		};
		C2AA7C0E1BC7DD07000CA7E5 /* MusicPlayer_DTests */ = {
			isa = PBXGroup;
			children = (
				C2AA7C111BC7DD07000CA7E5 /* MusicPlayer_DTests.m */,
				C2AA7C0F1BC7DD07000CA7E5 /* Supporting Files */,
			);
			path = MusicPlayer_DTests;
			sourceTree = "<group>";
		};
		C2AA7C0F1BC7DD07000CA7E5 /* Supporting Files */ = {
			isa = PBXGroup;
			children = (
				C2AA7C101BC7DD07000CA7E5 /* Info.plist */,
			);
			name = "Supporting Files";
			sourceTree = "<group>";
		};
		C2AA7C1B1BC7DD2E000CA7E5 /* Source */ = {
			isa = PBXGroup;
			children = (
				C2AA7C1C1BC7DD2E000CA7E5 /* Application */,
				C2AA7C1D1BC7DD2E000CA7E5 /* BaseClass */,
				C2AA7C1E1BC7DD2E000CA7E5 /* CodeClass */,
				C2AA7C221BC7DD2E000CA7E5 /* DataBase */,
				C2AA7C231BC7DD2E000CA7E5 /* EnNetWork */,
				C2AA7C241BC7DD2E000CA7E5 /* Framework */,
				C2AA7C251BC7DD2E000CA7E5 /* Global */,
				C2AA7C261BC7DD2E000CA7E5 /* Helper */,
				C2AA7C271BC7DD2E000CA7E5 /* Macro */,
				C2AA7C2C1BC7DD2E000CA7E5 /* Resources */,
				C2AA7C2D1BC7DD2E000CA7E5 /* TheThird */,
			);
			path = Source;
			sourceTree = "<group>";
		};
		C2AA7C1C1BC7DD2E000CA7E5 /* Application */ = {
			isa = PBXGroup;
			children = (
				C2AA7BF91BC7DD07000CA7E5 /* AppDelegate.h */,
				C2AA7BFA1BC7DD07000CA7E5 /* AppDelegate.m */,
			);
			path = Application;
			sourceTree = "<group>";
		};
		C2AA7C1D1BC7DD2E000CA7E5 /* BaseClass */ = {
			isa = PBXGroup;
			children = (
				C21A7FB31BC8C258009FBBA9 /* GetDataTools.h */,
				C21A7FB41BC8C258009FBBA9 /* GetDataTools.m */,
				C21A7FE21BC8F5B0009FBBA9 /* MusicPlayerTools.h */,
				C21A7FE31BC8F5B0009FBBA9 /* MusicPlayerTools.m */,
			);
			path = BaseClass;
			sourceTree = "<group>";
		};
		C2AA7C1E1BC7DD2E000CA7E5 /* CodeClass */ = {
			isa = PBXGroup;
			children = (
				C2AA7C211BC7DD2E000CA7E5 /* ViewController */,
				C2AA7C1F1BC7DD2E000CA7E5 /* Model */,
				C2AA7C201BC7DD2E000CA7E5 /* View */,
			);
			path = CodeClass;
			sourceTree = "<group>";
		};
		C2AA7C1F1BC7DD2E000CA7E5 /* Model */ = {
			isa = PBXGroup;
			children = (
				C21A7FB01BC8B8A5009FBBA9 /* MusicInfoModel.h */,
				C21A7FB11BC8B8A5009FBBA9 /* MusicInfoModel.m */,
			);
			path = Model;
			sourceTree = "<group>";
		};
		C2AA7C201BC7DD2E000CA7E5 /* View */ = {
			isa = PBXGroup;
			children = (
				C2AA7C351BC7DF4C000CA7E5 /* LoginView.h */,
				C2AA7C361BC7DF4C000CA7E5 /* LoginView.m */,
				C2C3BA4B1BCA44150054C2F8 /* RegistView.h */,
				C2C3BA4C1BCA44150054C2F8 /* RegistView.m */,
				C2AA7C3B1BC7F7C1000CA7E5 /* MusicListTableViewCell.h */,
				C2AA7C3C1BC7F7C1000CA7E5 /* MusicListTableViewCell.m */,
				C21A7FAD1BC8A9C0009FBBA9 /* MusicPlayerView.h */,
				C21A7FAE1BC8A9C0009FBBA9 /* MusicPlayerView.m */,
			);
			path = View;
			sourceTree = "<group>";
		};
		C2AA7C211BC7DD2E000CA7E5 /* ViewController */ = {
			isa = PBXGroup;
			children = (
				C2AA7C2F1BC7DDDC000CA7E5 /* LoginViewController.h */,
				C2AA7C301BC7DDDC000CA7E5 /* LoginViewController.m */,
				C2C3BA481BCA43FC0054C2F8 /* RegistViewController.h */,
				C2C3BA491BCA43FC0054C2F8 /* RegistViewController.m */,
				C2AA7C381BC7F7A1000CA7E5 /* MusicListTableViewController.h */,
				C2AA7C391BC7F7A1000CA7E5 /* MusicListTableViewController.m */,
				C21A7FAA1BC8A893009FBBA9 /* MusicPlayerViewController.h */,
				C21A7FAB1BC8A893009FBBA9 /* MusicPlayerViewController.m */,
			);
			path = ViewController;
			sourceTree = "<group>";
		};
		C2AA7C221BC7DD2E000CA7E5 /* DataBase */ = {
			isa = PBXGroup;
			children = (
			);
			path = DataBase;
			sourceTree = "<group>";
		};
		C2AA7C231BC7DD2E000CA7E5 /* EnNetWork */ = {
			isa = PBXGroup;
			children = (
			);
			path = EnNetWork;
			sourceTree = "<group>";
		};
		C2AA7C241BC7DD2E000CA7E5 /* Framework */ = {
			isa = PBXGroup;
			children = (
			);
			path = Framework;
			sourceTree = "<group>";
		};
		C2AA7C251BC7DD2E000CA7E5 /* Global */ = {
			isa = PBXGroup;
			children = (
			);
			path = Global;
			sourceTree = "<group>";
		};
		C2AA7C261BC7DD2E000CA7E5 /* Helper */ = {
			isa = PBXGroup;
			children = (
			);
			path = Helper;
			sourceTree = "<group>";
		};
		C2AA7C271BC7DD2E000CA7E5 /* Macro */ = {
			isa = PBXGroup;
			children = (
				C2AA7C281BC7DD2E000CA7E5 /* APPHeader.h */,
				C2AA7C291BC7DD2E000CA7E5 /* IMPHeader.h */,
				C2AA7C2A1BC7DD2E000CA7E5 /* KEYHeader.h */,
				C2AA7C2B1BC7DD2E000CA7E5 /* URLHeader.h */,
			);
			path = Macro;
			sourceTree = "<group>";
		};
		C2AA7C2C1BC7DD2E000CA7E5 /* Resources */ = {
			isa = PBXGroup;
			children = (
			);
			path = Resources;
			sourceTree = "<group>";
		};
		C2AA7C2D1BC7DD2E000CA7E5 /* TheThird */ = {
			isa = PBXGroup;
			children = (
				C21A7FB61BC8F1D8009FBBA9 /* SDWebImage */,
			);
			path = TheThird;
			sourceTree = "<group>";
		};
/* End PBXGroup section */

/* Begin PBXNativeTarget section */
		C2AA7BF11BC7DD07000CA7E5 /* MusicPlayer_D */ = {
			isa = PBXNativeTarget;
			buildConfigurationList = C2AA7C151BC7DD07000CA7E5 /* Build configuration list for PBXNativeTarget "MusicPlayer_D" */;
			buildPhases = (
				C2AA7BEE1BC7DD07000CA7E5 /* Sources */,
				C2AA7BEF1BC7DD07000CA7E5 /* Frameworks */,
				C2AA7BF01BC7DD07000CA7E5 /* Resources */,
			);
			buildRules = (
			);
			dependencies = (
			);
			name = MusicPlayer_D;
			productName = MusicPlayer_D;
			productReference = C2AA7BF21BC7DD07000CA7E5 /* MusicPlayer_D.app */;
			productType = "com.apple.product-type.application";
		};
		C2AA7C0A1BC7DD07000CA7E5 /* MusicPlayer_DTests */ = {
			isa = PBXNativeTarget;
			buildConfigurationList = C2AA7C181BC7DD07000CA7E5 /* Build configuration list for PBXNativeTarget "MusicPlayer_DTests" */;
			buildPhases = (
				C2AA7C071BC7DD07000CA7E5 /* Sources */,
				C2AA7C081BC7DD07000CA7E5 /* Frameworks */,
				C2AA7C091BC7DD07000CA7E5 /* Resources */,
			);
			buildRules = (
			);
			dependencies = (
				C2AA7C0D1BC7DD07000CA7E5 /* PBXTargetDependency */,
			);
			name = MusicPlayer_DTests;
			productName = MusicPlayer_DTests;
			productReference = C2AA7C0B1BC7DD07000CA7E5 /* MusicPlayer_DTests.xctest */;
			productType = "com.apple.product-type.bundle.unit-test";
		};
/* End PBXNativeTarget section */

/* Begin PBXProject section */
		C2AA7BEA1BC7DD07000CA7E5 /* Project object */ = {
			isa = PBXProject;
			attributes = {
				LastUpgradeCheck = 0640;
				ORGANIZATIONNAME = lanou3g;
				TargetAttributes = {
					C2AA7BF11BC7DD07000CA7E5 = {
						CreatedOnToolsVersion = 6.4;
					};
					C2AA7C0A1BC7DD07000CA7E5 = {
						CreatedOnToolsVersion = 6.4;
						TestTargetID = C2AA7BF11BC7DD07000CA7E5;
					};
				};
			};
			buildConfigurationList = C2AA7BED1BC7DD07000CA7E5 /* Build configuration list for PBXProject "MusicPlayer_D" */;
			compatibilityVersion = "Xcode 3.2";
			developmentRegion = English;
			hasScannedForEncodings = 0;
			knownRegions = (
				en,
				Base,
				"zh-Hans",
			);
			mainGroup = C2AA7BE91BC7DD07000CA7E5;
			productRefGroup = C2AA7BF31BC7DD07000CA7E5 /* Products */;
			projectDirPath = "";
			projectRoot = "";
			targets = (
				C2AA7BF11BC7DD07000CA7E5 /* MusicPlayer_D */,
				C2AA7C0A1BC7DD07000CA7E5 /* MusicPlayer_DTests */,
			);
		};
/* End PBXProject section */

/* Begin PBXResourcesBuildPhase section */
		C2AA7BF01BC7DD07000CA7E5 /* Resources */ = {
			isa = PBXResourcesBuildPhase;
			buildActionMask = 2147483647;
			files = (
				C21A80891BC94933009FBBA9 /* UMShareEditViewController.xib in Resources */,
				C21A80871BC94933009FBBA9 /* UMSCommentInputController.xib in Resources */,
				C21A80991BC94933009FBBA9 /* ios-social-sdk-share-detail.html in Resources */,
				C2AA7C011BC7DD07000CA7E5 /* Main.storyboard in Resources */,
				C21A809C1BC94933009FBBA9 /* markdown.css in Resources */,
				C21A80951BC94933009FBBA9 /* ios-social-sdk-like.html in Resources */,
				C21A80931BC94933009FBBA9 /* ios-social-sdk-comment-detail.html in Resources */,
				C21A80861BC94933009FBBA9 /* UMSCommentDetailController.xib in Resources */,
				C21A809B1BC94933009FBBA9 /* ios-social-sdk-socialbar.html in Resources */,
				C21A808B1BC94933009FBBA9 /* UMSLoginViewController.xib in Resources */,
				C21A80881BC94933009FBBA9 /* UMSCommentInputControlleriPad.xib in Resources */,
				C21A80971BC94933009FBBA9 /* ios-social-sdk-login-quick.html in Resources */,
				C21A80981BC94933009FBBA9 /* ios-social-sdk-shake.html in Resources */,
				C21A80911BC94933009FBBA9 /* iOS-social-analytics-releasenote.html in Resources */,
				C21A80961BC94933009FBBA9 /* ios-social-sdk-login-detail.html in Resources */,
				C21A809A1BC94933009FBBA9 /* ios-social-sdk-share-quick.html in Resources */,
				C21A808A1BC94933009FBBA9 /* UMShareEditViewControlleriPad.xib in Resources */,
				C21A80941BC94933009FBBA9 /* ios-social-sdk-comment-quick.html in Resources */,
				C2AA7C061BC7DD07000CA7E5 /* LaunchScreen.xib in Resources */,
				C21A80841BC94933009FBBA9 /* UMSocialLocalizable.strings in Resources */,
				C21A80921BC94933009FBBA9 /* iOS-social-releasenote.html in Resources */,
				C2AA7C031BC7DD07000CA7E5 /* Images.xcassets in Resources */,
				C21A808C1BC94933009FBBA9 /* UMSnsAccountViewController.xib in Resources */,
				C21A808D1BC94933009FBBA9 /* UMSShareListController.xib in Resources */,
				C21A808E1BC94933009FBBA9 /* UMSocialSDKResourcesNew.bundle in Resources */,
			);
			runOnlyForDeploymentPostprocessing = 0;
		};
		C2AA7C091BC7DD07000CA7E5 /* Resources */ = {
			isa = PBXResourcesBuildPhase;
			buildActionMask = 2147483647;
			files = (
			);
			runOnlyForDeploymentPostprocessing = 0;
		};
/* End PBXResourcesBuildPhase section */

/* Begin PBXSourcesBuildPhase section */
		C2AA7BEE1BC7DD07000CA7E5 /* Sources */ = {
			isa = PBXSourcesBuildPhase;
			buildActionMask = 2147483647;
			files = (
				C2C3BA4A1BCA43FC0054C2F8 /* RegistViewController.m in Sources */,
				C21A7FD71BC8F1D8009FBBA9 /* SDWebImageDecoder.m in Sources */,
				C2C3BA4D1BCA44150054C2F8 /* RegistView.m in Sources */,
				C21A7FB21BC8B8A5009FBBA9 /* MusicInfoModel.m in Sources */,
				C21A7FD91BC8F1D8009FBBA9 /* SDWebImageDownloaderOperation.m in Sources */,
				C21A7FDA1BC8F1D8009FBBA9 /* SDWebImageManager.m in Sources */,
				C21A7FE11BC8F1D8009FBBA9 /* UIView+WebCacheOperation.m in Sources */,
				C21A7FAC1BC8A893009FBBA9 /* MusicPlayerViewController.m in Sources */,
				C21A7FB51BC8C258009FBBA9 /* GetDataTools.m in Sources */,
				C21A7FDF1BC8F1D8009FBBA9 /* UIImageView+HighlightedWebCache.m in Sources */,
				C21A7FD81BC8F1D8009FBBA9 /* SDWebImageDownloader.m in Sources */,
				C21A7FE41BC8F5B0009FBBA9 /* MusicPlayerTools.m in Sources */,
				C2AA7BFB1BC7DD07000CA7E5 /* AppDelegate.m in Sources */,
				C21A7FD61BC8F1D8009FBBA9 /* SDWebImageCompat.m in Sources */,
				C21A7FDB1BC8F1D8009FBBA9 /* SDWebImagePrefetcher.m in Sources */,
				C21A7FDE1BC8F1D8009FBBA9 /* UIImage+MultiFormat.m in Sources */,
				C2AA7BF81BC7DD07000CA7E5 /* main.m in Sources */,
				C2AA7C371BC7DF4C000CA7E5 /* LoginView.m in Sources */,
				C21A7FDC1BC8F1D8009FBBA9 /* UIButton+WebCache.m in Sources */,
				C2AA7C3A1BC7F7A1000CA7E5 /* MusicListTableViewController.m in Sources */,
				C21A7FD51BC8F1D8009FBBA9 /* SDImageCache.m in Sources */,
				C21A7FAF1BC8A9C0009FBBA9 /* MusicPlayerView.m in Sources */,
				C2AA7C311BC7DDDC000CA7E5 /* LoginViewController.m in Sources */,
				C2AA7C3D1BC7F7C1000CA7E5 /* MusicListTableViewCell.m in Sources */,
				C21A7FDD1BC8F1D8009FBBA9 /* UIImage+GIF.m in Sources */,
				C21A7FE01BC8F1D8009FBBA9 /* UIImageView+WebCache.m in Sources */,
				C21A7FD41BC8F1D8009FBBA9 /* NSData+ImageContentType.m in Sources */,
			);
			runOnlyForDeploymentPostprocessing = 0;
		};
		C2AA7C071BC7DD07000CA7E5 /* Sources */ = {
			isa = PBXSourcesBuildPhase;
			buildActionMask = 2147483647;
			files = (
				C2AA7C121BC7DD07000CA7E5 /* MusicPlayer_DTests.m in Sources */,
			);
			runOnlyForDeploymentPostprocessing = 0;
		};
/* End PBXSourcesBuildPhase section */

/* Begin PBXTargetDependency section */
		C2AA7C0D1BC7DD07000CA7E5 /* PBXTargetDependency */ = {
			isa = PBXTargetDependency;
			target = C2AA7BF11BC7DD07000CA7E5 /* MusicPlayer_D */;
			targetProxy = C2AA7C0C1BC7DD07000CA7E5 /* PBXContainerItemProxy */;
		};
/* End PBXTargetDependency section */

/* Begin PBXVariantGroup section */
		C21A80561BC94933009FBBA9 /* UMSocialLocalizable.strings */ = {
			isa = PBXVariantGroup;
			children = (
				C21A80571BC94933009FBBA9 /* en */,
				C21A806F1BC94933009FBBA9 /* zh-Hans */,
			);
			name = UMSocialLocalizable.strings;
			sourceTree = "<group>";
		};
		C2AA7BFF1BC7DD07000CA7E5 /* Main.storyboard */ = {
			isa = PBXVariantGroup;
			children = (
				C2AA7C001BC7DD07000CA7E5 /* Base */,
			);
			name = Main.storyboard;
			sourceTree = "<group>";
		};
		C2AA7C041BC7DD07000CA7E5 /* LaunchScreen.xib */ = {
			isa = PBXVariantGroup;
			children = (
				C2AA7C051BC7DD07000CA7E5 /* Base */,
			);
			name = LaunchScreen.xib;
			sourceTree = "<group>";
		};
/* End PBXVariantGroup section */

/* Begin XCBuildConfiguration section */
		C2AA7C131BC7DD07000CA7E5 /* Debug */ = {
			isa = XCBuildConfiguration;
			buildSettings = {
				ALWAYS_SEARCH_USER_PATHS = NO;
				CLANG_CXX_LANGUAGE_STANDARD = "gnu++0x";
				CLANG_CXX_LIBRARY = "libc++";
				CLANG_ENABLE_MODULES = YES;
				CLANG_ENABLE_OBJC_ARC = YES;
				CLANG_WARN_BOOL_CONVERSION = YES;
				CLANG_WARN_CONSTANT_CONVERSION = YES;
				CLANG_WARN_DIRECT_OBJC_ISA_USAGE = YES_ERROR;
				CLANG_WARN_EMPTY_BODY = YES;
				CLANG_WARN_ENUM_CONVERSION = YES;
				CLANG_WARN_INT_CONVERSION = YES;
				CLANG_WARN_OBJC_ROOT_CLASS = YES_ERROR;
				CLANG_WARN_UNREACHABLE_CODE = YES;
				CLANG_WARN__DUPLICATE_METHOD_MATCH = YES;
				"CODE_SIGN_IDENTITY[sdk=iphoneos*]" = "iPhone Developer";
				COPY_PHASE_STRIP = NO;
				DEBUG_INFORMATION_FORMAT = "dwarf-with-dsym";
				ENABLE_STRICT_OBJC_MSGSEND = YES;
				GCC_C_LANGUAGE_STANDARD = gnu99;
				GCC_DYNAMIC_NO_PIC = NO;
				GCC_NO_COMMON_BLOCKS = YES;
				GCC_OPTIMIZATION_LEVEL = 0;
				GCC_PREPROCESSOR_DEFINITIONS = (
					"DEBUG=1",
					"$(inherited)",
				);
				GCC_SYMBOLS_PRIVATE_EXTERN = NO;
				GCC_WARN_64_TO_32_BIT_CONVERSION = YES;
				GCC_WARN_ABOUT_RETURN_TYPE = YES_ERROR;
				GCC_WARN_UNDECLARED_SELECTOR = YES;
				GCC_WARN_UNINITIALIZED_AUTOS = YES_AGGRESSIVE;
				GCC_WARN_UNUSED_FUNCTION = YES;
				GCC_WARN_UNUSED_VARIABLE = YES;
				IPHONEOS_DEPLOYMENT_TARGET = 8.4;
				MTL_ENABLE_DEBUG_INFO = YES;
				ONLY_ACTIVE_ARCH = YES;
				SDKROOT = iphoneos;
			};
			name = Debug;
		};
		C2AA7C141BC7DD07000CA7E5 /* Release */ = {
			isa = XCBuildConfiguration;
			buildSettings = {
				ALWAYS_SEARCH_USER_PATHS = NO;
				CLANG_CXX_LANGUAGE_STANDARD = "gnu++0x";
				CLANG_CXX_LIBRARY = "libc++";
				CLANG_ENABLE_MODULES = YES;
				CLANG_ENABLE_OBJC_ARC = YES;
				CLANG_WARN_BOOL_CONVERSION = YES;
				CLANG_WARN_CONSTANT_CONVERSION = YES;
				CLANG_WARN_DIRECT_OBJC_ISA_USAGE = YES_ERROR;
				CLANG_WARN_EMPTY_BODY = YES;
				CLANG_WARN_ENUM_CONVERSION = YES;
				CLANG_WARN_INT_CONVERSION = YES;
				CLANG_WARN_OBJC_ROOT_CLASS = YES_ERROR;
				CLANG_WARN_UNREACHABLE_CODE = YES;
				CLANG_WARN__DUPLICATE_METHOD_MATCH = YES;
				"CODE_SIGN_IDENTITY[sdk=iphoneos*]" = "iPhone Developer";
				COPY_PHASE_STRIP = NO;
				DEBUG_INFORMATION_FORMAT = "dwarf-with-dsym";
				ENABLE_NS_ASSERTIONS = NO;
				ENABLE_STRICT_OBJC_MSGSEND = YES;
				GCC_C_LANGUAGE_STANDARD = gnu99;
				GCC_NO_COMMON_BLOCKS = YES;
				GCC_WARN_64_TO_32_BIT_CONVERSION = YES;
				GCC_WARN_ABOUT_RETURN_TYPE = YES_ERROR;
				GCC_WARN_UNDECLARED_SELECTOR = YES;
				GCC_WARN_UNINITIALIZED_AUTOS = YES_AGGRESSIVE;
				GCC_WARN_UNUSED_FUNCTION = YES;
				GCC_WARN_UNUSED_VARIABLE = YES;
				IPHONEOS_DEPLOYMENT_TARGET = 8.4;
				MTL_ENABLE_DEBUG_INFO = NO;
				SDKROOT = iphoneos;
				VALIDATE_PRODUCT = YES;
			};
			name = Release;
		};
		C2AA7C161BC7DD07000CA7E5 /* Debug */ = {
			isa = XCBuildConfiguration;
			buildSettings = {
				ASSETCATALOG_COMPILER_APPICON_NAME = AppIcon;
				GCC_PRECOMPILE_PREFIX_HEADER = YES;
				GCC_PREFIX_HEADER = "$(SRCROOT)/MusicPlayer_D/MusicPlayerPCH.pch";
				INFOPLIST_FILE = MusicPlayer_D/Info.plist;
				LD_RUNPATH_SEARCH_PATHS = "$(inherited) @executable_path/Frameworks";
				LIBRARY_SEARCH_PATHS = (
					"$(inherited)",
					/Users/lanou3g/Desktop/youmeng/UMSocial_Sdk,
					"$(PROJECT_DIR)/MusicPlayer_D/youmeng/UMSocial_Sdk",
					"$(PROJECT_DIR)/MusicPlayer_D/youmeng/UMSocial_Sdk_Extra_Frameworks/Wechat",
				);
				PRODUCT_NAME = "$(TARGET_NAME)";
			};
			name = Debug;
		};
		C2AA7C171BC7DD07000CA7E5 /* Release */ = {
			isa = XCBuildConfiguration;
			buildSettings = {
				ASSETCATALOG_COMPILER_APPICON_NAME = AppIcon;
				GCC_PRECOMPILE_PREFIX_HEADER = YES;
				GCC_PREFIX_HEADER = "$(SRCROOT)/MusicPlayer_D/MusicPlayerPCH.pch";
				INFOPLIST_FILE = MusicPlayer_D/Info.plist;
				LD_RUNPATH_SEARCH_PATHS = "$(inherited) @executable_path/Frameworks";
				LIBRARY_SEARCH_PATHS = (
					"$(inherited)",
					/Users/lanou3g/Desktop/youmeng/UMSocial_Sdk,
					"$(PROJECT_DIR)/MusicPlayer_D/youmeng/UMSocial_Sdk",
					"$(PROJECT_DIR)/MusicPlayer_D/youmeng/UMSocial_Sdk_Extra_Frameworks/Wechat",
				);
				PRODUCT_NAME = "$(TARGET_NAME)";
			};
			name = Release;
		};
		C2AA7C191BC7DD07000CA7E5 /* Debug */ = {
			isa = XCBuildConfiguration;
			buildSettings = {
				BUNDLE_LOADER = "$(TEST_HOST)";
				FRAMEWORK_SEARCH_PATHS = (
					"$(SDKROOT)/Developer/Library/Frameworks",
					"$(inherited)",
				);
				GCC_PREPROCESSOR_DEFINITIONS = (
					"DEBUG=1",
					"$(inherited)",
				);
				INFOPLIST_FILE = MusicPlayer_DTests/Info.plist;
				LD_RUNPATH_SEARCH_PATHS = "$(inherited) @executable_path/Frameworks @loader_path/Frameworks";
				PRODUCT_NAME = "$(TARGET_NAME)";
				TEST_HOST = "$(BUILT_PRODUCTS_DIR)/MusicPlayer_D.app/MusicPlayer_D";
			};
			name = Debug;
		};
		C2AA7C1A1BC7DD07000CA7E5 /* Release */ = {
			isa = XCBuildConfiguration;
			buildSettings = {
				BUNDLE_LOADER = "$(TEST_HOST)";
				FRAMEWORK_SEARCH_PATHS = (
					"$(SDKROOT)/Developer/Library/Frameworks",
					"$(inherited)",
				);
				INFOPLIST_FILE = MusicPlayer_DTests/Info.plist;
				LD_RUNPATH_SEARCH_PATHS = "$(inherited) @executable_path/Frameworks @loader_path/Frameworks";
				PRODUCT_NAME = "$(TARGET_NAME)";
				TEST_HOST = "$(BUILT_PRODUCTS_DIR)/MusicPlayer_D.app/MusicPlayer_D";
			};
			name = Release;
		};
/* End XCBuildConfiguration section */

/* Begin XCConfigurationList section */
		C2AA7BED1BC7DD07000CA7E5 /* Build configuration list for PBXProject "MusicPlayer_D" */ = {
			isa = XCConfigurationList;
			buildConfigurations = (
				C2AA7C131BC7DD07000CA7E5 /* Debug */,
				C2AA7C141BC7DD07000CA7E5 /* Release */,
			);
			defaultConfigurationIsVisible = 0;
			defaultConfigurationName = Release;
		};
		C2AA7C151BC7DD07000CA7E5 /* Build configuration list for PBXNativeTarget "MusicPlayer_D" */ = {
			isa = XCConfigurationList;
			buildConfigurations = (
				C2AA7C161BC7DD07000CA7E5 /* Debug */,
				C2AA7C171BC7DD07000CA7E5 /* Release */,
			);
			defaultConfigurationIsVisible = 0;
			defaultConfigurationName = Release;
		};
		C2AA7C181BC7DD07000CA7E5 /* Build configuration list for PBXNativeTarget "MusicPlayer_DTests" */ = {
			isa = XCConfigurationList;
			buildConfigurations = (
				C2AA7C191BC7DD07000CA7E5 /* Debug */,
				C2AA7C1A1BC7DD07000CA7E5 /* Release */,
			);
			defaultConfigurationIsVisible = 0;
			defaultConfigurationName = Release;
		};
/* End XCConfigurationList section */
	};
	rootObject = C2AA7BEA1BC7DD07000CA7E5 /* Project object */;
}
